{
  "version": 4,
  "terraform_version": "1.6.6",
  "serial": 121,
  "lineage": "3bd5c169-944b-b8a0-8a77-09e0d99278a0",
  "outputs": {
    "bigquery_product-info": {
      "value": "products.product_info",
      "type": "string"
    },
    "dataflow_bucket_name": {
      "value": "kalschi-pdc-001_dataflow_bucket",
      "type": "string"
    },
    "pubsub_subscription_id": {
      "value": "projects/kalschi-pdc-001/subscriptions/product_info_rdm-sub",
      "type": "string"
    }
  },
  "resources": [
    {
      "mode": "data",
      "type": "google_project",
      "name": "project",
      "provider": "provider[\"registry.terraform.io/hashicorp/google\"]",
      "instances": [
        {
          "schema_version": 0,
          "attributes": {
            "auto_create_network": null,
            "billing_account": "01B91D-EBC673-7848B7",
            "effective_labels": {},
            "folder_id": "",
            "id": "projects/kalschi-pdc-001",
            "labels": {},
            "name": "kalschi-pdc-001",
            "number": "979963681248",
            "org_id": "598314490516",
            "project_id": "kalschi-pdc-001",
            "skip_delete": null,
            "terraform_labels": {}
          },
          "sensitive_attributes": []
        }
      ]
    },
    {
      "mode": "managed",
      "type": "google_compute_firewall",
      "name": "default",
      "provider": "provider[\"registry.terraform.io/hashicorp/google\"]",
      "instances": [
        {
          "schema_version": 1,
          "attributes": {
            "allow": [
              {
                "ports": [],
                "protocol": "icmp"
              },
              {
                "ports": [],
                "protocol": "tcp"
              },
              {
                "ports": [],
                "protocol": "udp"
              }
            ],
            "creation_timestamp": "2024-02-28T22:32:34.513-08:00",
            "deny": [],
            "description": "",
            "destination_ranges": [],
            "direction": "INGRESS",
            "disabled": false,
            "enable_logging": null,
            "id": "projects/kalschi-pdc-001/global/firewalls/default-allow-internal",
            "log_config": [],
            "name": "default-allow-internal",
            "network": "https://www.googleapis.com/compute/v1/projects/kalschi-pdc-001/global/networks/default",
            "priority": 1000,
            "project": "kalschi-pdc-001",
            "self_link": "https://www.googleapis.com/compute/v1/projects/kalschi-pdc-001/global/firewalls/default-allow-internal",
            "source_ranges": [
              "10.128.0.0/9"
            ],
            "source_service_accounts": [],
            "source_tags": [],
            "target_service_accounts": [],
            "target_tags": [],
            "timeouts": null
          },
          "sensitive_attributes": [],
          "private": "eyJlMmJmYjczMC1lY2FhLTExZTYtOGY4OC0zNDM2M2JjN2M0YzAiOnsiY3JlYXRlIjoxMjAwMDAwMDAwMDAwLCJkZWxldGUiOjEyMDAwMDAwMDAwMDAsInVwZGF0ZSI6MTIwMDAwMDAwMDAwMH0sInNjaGVtYV92ZXJzaW9uIjoiMSJ9",
          "dependencies": [
            "google_compute_network.default",
            "google_project_service.google-cloud-apis"
          ]
        }
      ]
    },
    {
      "mode": "managed",
      "type": "google_compute_network",
      "name": "default",
      "provider": "provider[\"registry.terraform.io/hashicorp/google\"]",
      "instances": [
        {
          "schema_version": 0,
          "attributes": {
            "auto_create_subnetworks": true,
            "delete_default_routes_on_create": false,
            "description": "",
            "enable_ula_internal_ipv6": false,
            "gateway_ipv4": "",
            "id": "projects/kalschi-pdc-001/global/networks/default",
            "internal_ipv6_range": "",
            "mtu": 0,
            "name": "default",
            "network_firewall_policy_enforcement_order": "AFTER_CLASSIC_FIREWALL",
            "numeric_id": "7281143405899264385",
            "project": "kalschi-pdc-001",
            "routing_mode": "REGIONAL",
            "self_link": "https://www.googleapis.com/compute/v1/projects/kalschi-pdc-001/global/networks/default",
            "timeouts": null
          },
          "sensitive_attributes": [],
          "private": "eyJlMmJmYjczMC1lY2FhLTExZTYtOGY4OC0zNDM2M2JjN2M0YzAiOnsiY3JlYXRlIjoxMjAwMDAwMDAwMDAwLCJkZWxldGUiOjEyMDAwMDAwMDAwMDAsInVwZGF0ZSI6MTIwMDAwMDAwMDAwMH19",
          "dependencies": [
            "google_project_service.google-cloud-apis"
          ]
        }
      ]
    },
    {
      "mode": "managed",
      "type": "google_project_iam_member",
      "name": "viai-cloud-deploy-serviceAccountUser",
      "provider": "provider[\"registry.terraform.io/hashicorp/google\"]",
      "instances": [
        {
          "index_key": "roles/aiplatform.user",
          "schema_version": 0,
          "attributes": {
            "condition": [],
            "etag": "BwYSf2zo2Zc=",
            "id": "kalschi-pdc-001/roles/aiplatform.user/serviceAccount:979963681248-compute@developer.gserviceaccount.com",
            "member": "serviceAccount:979963681248-compute@developer.gserviceaccount.com",
            "project": "kalschi-pdc-001",
            "role": "roles/aiplatform.user"
          },
          "sensitive_attributes": [],
          "private": "bnVsbA==",
          "dependencies": [
            "data.google_project.project",
            "google_project_service.google-cloud-apis"
          ]
        },
        {
          "index_key": "roles/bigquery.admin",
          "schema_version": 0,
          "attributes": {
            "condition": [],
            "etag": "BwYSf2zo2Zc=",
            "id": "kalschi-pdc-001/roles/bigquery.admin/serviceAccount:979963681248-compute@developer.gserviceaccount.com",
            "member": "serviceAccount:979963681248-compute@developer.gserviceaccount.com",
            "project": "kalschi-pdc-001",
            "role": "roles/bigquery.admin"
          },
          "sensitive_attributes": [],
          "private": "bnVsbA==",
          "dependencies": [
            "data.google_project.project",
            "google_project_service.google-cloud-apis"
          ]
        },
        {
          "index_key": "roles/bigquery.dataEditor",
          "schema_version": 0,
          "attributes": {
            "condition": [],
            "etag": "BwYSf2zo2Zc=",
            "id": "kalschi-pdc-001/roles/bigquery.dataEditor/serviceAccount:979963681248-compute@developer.gserviceaccount.com",
            "member": "serviceAccount:979963681248-compute@developer.gserviceaccount.com",
            "project": "kalschi-pdc-001",
            "role": "roles/bigquery.dataEditor"
          },
          "sensitive_attributes": [],
          "private": "bnVsbA==",
          "dependencies": [
            "data.google_project.project",
            "google_project_service.google-cloud-apis"
          ]
        },
        {
          "index_key": "roles/bigquery.jobUser",
          "schema_version": 0,
          "attributes": {
            "condition": [],
            "etag": "BwYSf2zo2Zc=",
            "id": "kalschi-pdc-001/roles/bigquery.jobUser/serviceAccount:979963681248-compute@developer.gserviceaccount.com",
            "member": "serviceAccount:979963681248-compute@developer.gserviceaccount.com",
            "project": "kalschi-pdc-001",
            "role": "roles/bigquery.jobUser"
          },
          "sensitive_attributes": [],
          "private": "bnVsbA==",
          "dependencies": [
            "data.google_project.project",
            "google_project_service.google-cloud-apis"
          ]
        },
        {
          "index_key": "roles/dataflow.worker",
          "schema_version": 0,
          "attributes": {
            "condition": [],
            "etag": "BwYSf2zo2Zc=",
            "id": "kalschi-pdc-001/roles/dataflow.worker/serviceAccount:979963681248-compute@developer.gserviceaccount.com",
            "member": "serviceAccount:979963681248-compute@developer.gserviceaccount.com",
            "project": "kalschi-pdc-001",
            "role": "roles/dataflow.worker"
          },
          "sensitive_attributes": [],
          "private": "bnVsbA==",
          "dependencies": [
            "data.google_project.project",
            "google_project_service.google-cloud-apis"
          ]
        },
        {
          "index_key": "roles/discoveryengine.viewer",
          "schema_version": 0,
          "attributes": {
            "condition": [],
            "etag": "BwYSf2zo2Zc=",
            "id": "kalschi-pdc-001/roles/discoveryengine.viewer/serviceAccount:979963681248-compute@developer.gserviceaccount.com",
            "member": "serviceAccount:979963681248-compute@developer.gserviceaccount.com",
            "project": "kalschi-pdc-001",
            "role": "roles/discoveryengine.viewer"
          },
          "sensitive_attributes": [],
          "private": "bnVsbA==",
          "dependencies": [
            "data.google_project.project",
            "google_project_service.google-cloud-apis"
          ]
        },
        {
          "index_key": "roles/logging.logWriter",
          "schema_version": 0,
          "attributes": {
            "condition": [],
            "etag": "BwYSf2zo2Zc=",
            "id": "kalschi-pdc-001/roles/logging.logWriter/serviceAccount:979963681248-compute@developer.gserviceaccount.com",
            "member": "serviceAccount:979963681248-compute@developer.gserviceaccount.com",
            "project": "kalschi-pdc-001",
            "role": "roles/logging.logWriter"
          },
          "sensitive_attributes": [],
          "private": "bnVsbA==",
          "dependencies": [
            "data.google_project.project",
            "google_project_service.google-cloud-apis"
          ]
        },
        {
          "index_key": "roles/pubsub.subscriber",
          "schema_version": 0,
          "attributes": {
            "condition": [],
            "etag": "BwYSf2zo2Zc=",
            "id": "kalschi-pdc-001/roles/pubsub.subscriber/serviceAccount:979963681248-compute@developer.gserviceaccount.com",
            "member": "serviceAccount:979963681248-compute@developer.gserviceaccount.com",
            "project": "kalschi-pdc-001",
            "role": "roles/pubsub.subscriber"
          },
          "sensitive_attributes": [],
          "private": "bnVsbA==",
          "dependencies": [
            "data.google_project.project",
            "google_project_service.google-cloud-apis"
          ]
        },
        {
          "index_key": "roles/pubsub.viewer",
          "schema_version": 0,
          "attributes": {
            "condition": [],
            "etag": "BwYSf2zo2Zc=",
            "id": "kalschi-pdc-001/roles/pubsub.viewer/serviceAccount:979963681248-compute@developer.gserviceaccount.com",
            "member": "serviceAccount:979963681248-compute@developer.gserviceaccount.com",
            "project": "kalschi-pdc-001",
            "role": "roles/pubsub.viewer"
          },
          "sensitive_attributes": [],
          "private": "bnVsbA==",
          "dependencies": [
            "data.google_project.project",
            "google_project_service.google-cloud-apis"
          ]
        },
        {
          "index_key": "roles/storage.admin",
          "schema_version": 0,
          "attributes": {
            "condition": [],
            "etag": "BwYSf2zo2Zc=",
            "id": "kalschi-pdc-001/roles/storage.admin/serviceAccount:979963681248-compute@developer.gserviceaccount.com",
            "member": "serviceAccount:979963681248-compute@developer.gserviceaccount.com",
            "project": "kalschi-pdc-001",
            "role": "roles/storage.admin"
          },
          "sensitive_attributes": [],
          "private": "bnVsbA==",
          "dependencies": [
            "data.google_project.project",
            "google_project_service.google-cloud-apis"
          ]
        },
        {
          "index_key": "roles/storage.objectViewer",
          "schema_version": 0,
          "attributes": {
            "condition": [],
            "etag": "BwYSf2zo2Zc=",
            "id": "kalschi-pdc-001/roles/storage.objectViewer/serviceAccount:979963681248-compute@developer.gserviceaccount.com",
            "member": "serviceAccount:979963681248-compute@developer.gserviceaccount.com",
            "project": "kalschi-pdc-001",
            "role": "roles/storage.objectViewer"
          },
          "sensitive_attributes": [],
          "private": "bnVsbA==",
          "dependencies": [
            "data.google_project.project",
            "google_project_service.google-cloud-apis"
          ]
        }
      ]
    },
    {
      "mode": "managed",
      "type": "google_project_service",
      "name": "google-cloud-apis",
      "provider": "provider[\"registry.terraform.io/hashicorp/google\"]",
      "instances": [
        {
          "index_key": "aiplatform.googleapis.com",
          "schema_version": 0,
          "attributes": {
            "disable_dependent_services": false,
            "disable_on_destroy": false,
            "id": "kalschi-pdc-001/aiplatform.googleapis.com",
            "project": "kalschi-pdc-001",
            "service": "aiplatform.googleapis.com",
            "timeouts": null
          },
          "sensitive_attributes": [],
          "private": "eyJlMmJmYjczMC1lY2FhLTExZTYtOGY4OC0zNDM2M2JjN2M0YzAiOnsiY3JlYXRlIjoxMjAwMDAwMDAwMDAwLCJkZWxldGUiOjEyMDAwMDAwMDAwMDAsInJlYWQiOjYwMDAwMDAwMDAwMCwidXBkYXRlIjoxMjAwMDAwMDAwMDAwfX0="
        },
        {
          "index_key": "artifactregistry.googleapis.com",
          "schema_version": 0,
          "attributes": {
            "disable_dependent_services": false,
            "disable_on_destroy": false,
            "id": "kalschi-pdc-001/artifactregistry.googleapis.com",
            "project": "kalschi-pdc-001",
            "service": "artifactregistry.googleapis.com",
            "timeouts": null
          },
          "sensitive_attributes": [],
          "private": "eyJlMmJmYjczMC1lY2FhLTExZTYtOGY4OC0zNDM2M2JjN2M0YzAiOnsiY3JlYXRlIjoxMjAwMDAwMDAwMDAwLCJkZWxldGUiOjEyMDAwMDAwMDAwMDAsInJlYWQiOjYwMDAwMDAwMDAwMCwidXBkYXRlIjoxMjAwMDAwMDAwMDAwfX0="
        },
        {
          "index_key": "bigquery.googleapis.com",
          "schema_version": 0,
          "attributes": {
            "disable_dependent_services": false,
            "disable_on_destroy": false,
            "id": "kalschi-pdc-001/bigquery.googleapis.com",
            "project": "kalschi-pdc-001",
            "service": "bigquery.googleapis.com",
            "timeouts": null
          },
          "sensitive_attributes": [],
          "private": "eyJlMmJmYjczMC1lY2FhLTExZTYtOGY4OC0zNDM2M2JjN2M0YzAiOnsiY3JlYXRlIjoxMjAwMDAwMDAwMDAwLCJkZWxldGUiOjEyMDAwMDAwMDAwMDAsInJlYWQiOjYwMDAwMDAwMDAwMCwidXBkYXRlIjoxMjAwMDAwMDAwMDAwfX0="
        },
        {
          "index_key": "cloudbuild.googleapis.com",
          "schema_version": 0,
          "attributes": {
            "disable_dependent_services": false,
            "disable_on_destroy": false,
            "id": "kalschi-pdc-001/cloudbuild.googleapis.com",
            "project": "kalschi-pdc-001",
            "service": "cloudbuild.googleapis.com",
            "timeouts": null
          },
          "sensitive_attributes": [],
          "private": "eyJlMmJmYjczMC1lY2FhLTExZTYtOGY4OC0zNDM2M2JjN2M0YzAiOnsiY3JlYXRlIjoxMjAwMDAwMDAwMDAwLCJkZWxldGUiOjEyMDAwMDAwMDAwMDAsInJlYWQiOjYwMDAwMDAwMDAwMCwidXBkYXRlIjoxMjAwMDAwMDAwMDAwfX0="
        },
        {
          "index_key": "cloudresourcemanager.googleapis.com",
          "schema_version": 0,
          "attributes": {
            "disable_dependent_services": false,
            "disable_on_destroy": false,
            "id": "kalschi-pdc-001/cloudresourcemanager.googleapis.com",
            "project": "kalschi-pdc-001",
            "service": "cloudresourcemanager.googleapis.com",
            "timeouts": null
          },
          "sensitive_attributes": [],
          "private": "eyJlMmJmYjczMC1lY2FhLTExZTYtOGY4OC0zNDM2M2JjN2M0YzAiOnsiY3JlYXRlIjoxMjAwMDAwMDAwMDAwLCJkZWxldGUiOjEyMDAwMDAwMDAwMDAsInJlYWQiOjYwMDAwMDAwMDAwMCwidXBkYXRlIjoxMjAwMDAwMDAwMDAwfX0="
        },
        {
          "index_key": "compute.googleapis.com",
          "schema_version": 0,
          "attributes": {
            "disable_dependent_services": false,
            "disable_on_destroy": false,
            "id": "kalschi-pdc-001/compute.googleapis.com",
            "project": "kalschi-pdc-001",
            "service": "compute.googleapis.com",
            "timeouts": null
          },
          "sensitive_attributes": [],
          "private": "eyJlMmJmYjczMC1lY2FhLTExZTYtOGY4OC0zNDM2M2JjN2M0YzAiOnsiY3JlYXRlIjoxMjAwMDAwMDAwMDAwLCJkZWxldGUiOjEyMDAwMDAwMDAwMDAsInJlYWQiOjYwMDAwMDAwMDAwMCwidXBkYXRlIjoxMjAwMDAwMDAwMDAwfX0="
        },
        {
          "index_key": "container.googleapis.com",
          "schema_version": 0,
          "attributes": {
            "disable_dependent_services": false,
            "disable_on_destroy": false,
            "id": "kalschi-pdc-001/container.googleapis.com",
            "project": "kalschi-pdc-001",
            "service": "container.googleapis.com",
            "timeouts": null
          },
          "sensitive_attributes": [],
          "private": "eyJlMmJmYjczMC1lY2FhLTExZTYtOGY4OC0zNDM2M2JjN2M0YzAiOnsiY3JlYXRlIjoxMjAwMDAwMDAwMDAwLCJkZWxldGUiOjEyMDAwMDAwMDAwMDAsInJlYWQiOjYwMDAwMDAwMDAwMCwidXBkYXRlIjoxMjAwMDAwMDAwMDAwfX0="
        },
        {
          "index_key": "containerregistry.googleapis.com",
          "schema_version": 0,
          "attributes": {
            "disable_dependent_services": false,
            "disable_on_destroy": false,
            "id": "kalschi-pdc-001/containerregistry.googleapis.com",
            "project": "kalschi-pdc-001",
            "service": "containerregistry.googleapis.com",
            "timeouts": null
          },
          "sensitive_attributes": [],
          "private": "eyJlMmJmYjczMC1lY2FhLTExZTYtOGY4OC0zNDM2M2JjN2M0YzAiOnsiY3JlYXRlIjoxMjAwMDAwMDAwMDAwLCJkZWxldGUiOjEyMDAwMDAwMDAwMDAsInJlYWQiOjYwMDAwMDAwMDAwMCwidXBkYXRlIjoxMjAwMDAwMDAwMDAwfX0="
        },
        {
          "index_key": "dataflow.googleapis.com",
          "schema_version": 0,
          "attributes": {
            "disable_dependent_services": false,
            "disable_on_destroy": false,
            "id": "kalschi-pdc-001/dataflow.googleapis.com",
            "project": "kalschi-pdc-001",
            "service": "dataflow.googleapis.com",
            "timeouts": null
          },
          "sensitive_attributes": [],
          "private": "eyJlMmJmYjczMC1lY2FhLTExZTYtOGY4OC0zNDM2M2JjN2M0YzAiOnsiY3JlYXRlIjoxMjAwMDAwMDAwMDAwLCJkZWxldGUiOjEyMDAwMDAwMDAwMDAsInJlYWQiOjYwMDAwMDAwMDAwMCwidXBkYXRlIjoxMjAwMDAwMDAwMDAwfX0="
        },
        {
          "index_key": "iam.googleapis.com",
          "schema_version": 0,
          "attributes": {
            "disable_dependent_services": false,
            "disable_on_destroy": false,
            "id": "kalschi-pdc-001/iam.googleapis.com",
            "project": "kalschi-pdc-001",
            "service": "iam.googleapis.com",
            "timeouts": null
          },
          "sensitive_attributes": [],
          "private": "eyJlMmJmYjczMC1lY2FhLTExZTYtOGY4OC0zNDM2M2JjN2M0YzAiOnsiY3JlYXRlIjoxMjAwMDAwMDAwMDAwLCJkZWxldGUiOjEyMDAwMDAwMDAwMDAsInJlYWQiOjYwMDAwMDAwMDAwMCwidXBkYXRlIjoxMjAwMDAwMDAwMDAwfX0="
        },
        {
          "index_key": "logging.googleapis.com",
          "schema_version": 0,
          "attributes": {
            "disable_dependent_services": false,
            "disable_on_destroy": false,
            "id": "kalschi-pdc-001/logging.googleapis.com",
            "project": "kalschi-pdc-001",
            "service": "logging.googleapis.com",
            "timeouts": null
          },
          "sensitive_attributes": [],
          "private": "eyJlMmJmYjczMC1lY2FhLTExZTYtOGY4OC0zNDM2M2JjN2M0YzAiOnsiY3JlYXRlIjoxMjAwMDAwMDAwMDAwLCJkZWxldGUiOjEyMDAwMDAwMDAwMDAsInJlYWQiOjYwMDAwMDAwMDAwMCwidXBkYXRlIjoxMjAwMDAwMDAwMDAwfX0="
        },
        {
          "index_key": "monitoring.googleapis.com",
          "schema_version": 0,
          "attributes": {
            "disable_dependent_services": false,
            "disable_on_destroy": false,
            "id": "kalschi-pdc-001/monitoring.googleapis.com",
            "project": "kalschi-pdc-001",
            "service": "monitoring.googleapis.com",
            "timeouts": null
          },
          "sensitive_attributes": [],
          "private": "eyJlMmJmYjczMC1lY2FhLTExZTYtOGY4OC0zNDM2M2JjN2M0YzAiOnsiY3JlYXRlIjoxMjAwMDAwMDAwMDAwLCJkZWxldGUiOjEyMDAwMDAwMDAwMDAsInJlYWQiOjYwMDAwMDAwMDAwMCwidXBkYXRlIjoxMjAwMDAwMDAwMDAwfX0="
        },
        {
          "index_key": "networkmanagement.googleapis.com",
          "schema_version": 0,
          "attributes": {
            "disable_dependent_services": false,
            "disable_on_destroy": false,
            "id": "kalschi-pdc-001/networkmanagement.googleapis.com",
            "project": "kalschi-pdc-001",
            "service": "networkmanagement.googleapis.com",
            "timeouts": null
          },
          "sensitive_attributes": [],
          "private": "eyJlMmJmYjczMC1lY2FhLTExZTYtOGY4OC0zNDM2M2JjN2M0YzAiOnsiY3JlYXRlIjoxMjAwMDAwMDAwMDAwLCJkZWxldGUiOjEyMDAwMDAwMDAwMDAsInJlYWQiOjYwMDAwMDAwMDAwMCwidXBkYXRlIjoxMjAwMDAwMDAwMDAwfX0="
        },
        {
          "index_key": "pubsub.googleapis.com",
          "schema_version": 0,
          "attributes": {
            "disable_dependent_services": false,
            "disable_on_destroy": false,
            "id": "kalschi-pdc-001/pubsub.googleapis.com",
            "project": "kalschi-pdc-001",
            "service": "pubsub.googleapis.com",
            "timeouts": null
          },
          "sensitive_attributes": [],
          "private": "eyJlMmJmYjczMC1lY2FhLTExZTYtOGY4OC0zNDM2M2JjN2M0YzAiOnsiY3JlYXRlIjoxMjAwMDAwMDAwMDAwLCJkZWxldGUiOjEyMDAwMDAwMDAwMDAsInJlYWQiOjYwMDAwMDAwMDAwMCwidXBkYXRlIjoxMjAwMDAwMDAwMDAwfX0="
        },
        {
          "index_key": "serviceusage.googleapis.com",
          "schema_version": 0,
          "attributes": {
            "disable_dependent_services": false,
            "disable_on_destroy": false,
            "id": "kalschi-pdc-001/serviceusage.googleapis.com",
            "project": "kalschi-pdc-001",
            "service": "serviceusage.googleapis.com",
            "timeouts": null
          },
          "sensitive_attributes": [],
          "private": "eyJlMmJmYjczMC1lY2FhLTExZTYtOGY4OC0zNDM2M2JjN2M0YzAiOnsiY3JlYXRlIjoxMjAwMDAwMDAwMDAwLCJkZWxldGUiOjEyMDAwMDAwMDAwMDAsInJlYWQiOjYwMDAwMDAwMDAwMCwidXBkYXRlIjoxMjAwMDAwMDAwMDAwfX0="
        },
        {
          "index_key": "stackdriver.googleapis.com",
          "schema_version": 0,
          "attributes": {
            "disable_dependent_services": false,
            "disable_on_destroy": false,
            "id": "kalschi-pdc-001/stackdriver.googleapis.com",
            "project": "kalschi-pdc-001",
            "service": "stackdriver.googleapis.com",
            "timeouts": null
          },
          "sensitive_attributes": [],
          "private": "eyJlMmJmYjczMC1lY2FhLTExZTYtOGY4OC0zNDM2M2JjN2M0YzAiOnsiY3JlYXRlIjoxMjAwMDAwMDAwMDAwLCJkZWxldGUiOjEyMDAwMDAwMDAwMDAsInJlYWQiOjYwMDAwMDAwMDAwMCwidXBkYXRlIjoxMjAwMDAwMDAwMDAwfX0="
        },
        {
          "index_key": "storage.googleapis.com",
          "schema_version": 0,
          "attributes": {
            "disable_dependent_services": false,
            "disable_on_destroy": false,
            "id": "kalschi-pdc-001/storage.googleapis.com",
            "project": "kalschi-pdc-001",
            "service": "storage.googleapis.com",
            "timeouts": null
          },
          "sensitive_attributes": [],
          "private": "eyJlMmJmYjczMC1lY2FhLTExZTYtOGY4OC0zNDM2M2JjN2M0YzAiOnsiY3JlYXRlIjoxMjAwMDAwMDAwMDAwLCJkZWxldGUiOjEyMDAwMDAwMDAwMDAsInJlYWQiOjYwMDAwMDAwMDAwMCwidXBkYXRlIjoxMjAwMDAwMDAwMDAwfX0="
        }
      ]
    },
    {
      "module": "module.dataflow_bucket",
      "mode": "managed",
      "type": "google_storage_bucket",
      "name": "buckets",
      "provider": "provider[\"registry.terraform.io/hashicorp/google\"]",
      "instances": [
        {
          "index_key": "kalschi-pdc-001_dataflow_bucket",
          "schema_version": 1,
          "attributes": {
            "autoclass": [],
            "cors": [],
            "custom_placement_config": [],
            "default_event_based_hold": false,
            "effective_labels": {
              "name": "kalschi-pdc-001_dataflow_bucket"
            },
            "enable_object_retention": false,
            "encryption": [],
            "force_destroy": true,
            "id": "kalschi-pdc-001_dataflow_bucket",
            "labels": {
              "name": "kalschi-pdc-001_dataflow_bucket"
            },
            "lifecycle_rule": [],
            "location": "US-CENTRAL1",
            "logging": [],
            "name": "kalschi-pdc-001_dataflow_bucket",
            "project": "kalschi-pdc-001",
            "public_access_prevention": "inherited",
            "requester_pays": false,
            "retention_policy": [],
            "rpo": null,
            "self_link": "https://www.googleapis.com/storage/v1/b/kalschi-pdc-001_dataflow_bucket",
            "storage_class": "STANDARD",
            "terraform_labels": {
              "name": "kalschi-pdc-001_dataflow_bucket"
            },
            "timeouts": null,
            "uniform_bucket_level_access": true,
            "url": "gs://kalschi-pdc-001_dataflow_bucket",
            "versioning": [
              {
                "enabled": false
              }
            ],
            "website": []
          },
          "sensitive_attributes": [],
          "private": "eyJlMmJmYjczMC1lY2FhLTExZTYtOGY4OC0zNDM2M2JjN2M0YzAiOnsiY3JlYXRlIjo2MDAwMDAwMDAwMDAsInJlYWQiOjI0MDAwMDAwMDAwMCwidXBkYXRlIjoyNDAwMDAwMDAwMDB9LCJzY2hlbWFfdmVyc2lvbiI6IjEifQ==",
          "dependencies": [
            "google_project_service.google-cloud-apis",
            "module.dataflow_bucket.random_id.bucket_suffix"
          ]
        }
      ]
    },
    {
      "module": "module.product-info",
      "mode": "managed",
      "type": "google_bigquery_dataset",
      "name": "main",
      "provider": "provider[\"registry.terraform.io/hashicorp/google\"]",
      "instances": [
        {
          "schema_version": 0,
          "attributes": {
            "access": [
              {
                "dataset": [],
                "domain": "",
                "group_by_email": "",
                "iam_member": "",
                "role": "OWNER",
                "routine": [],
                "special_group": "projectOwners",
                "user_by_email": "",
                "view": []
              }
            ],
            "creation_time": 1709180499536,
            "dataset_id": "products",
            "default_collation": "",
            "default_encryption_configuration": [],
            "default_partition_expiration_ms": 0,
            "default_table_expiration_ms": 0,
            "delete_contents_on_destroy": true,
            "description": "",
            "effective_labels": {},
            "etag": "sl/BPsIPitudndGu/NPCcg==",
            "friendly_name": "",
            "id": "projects/kalschi-pdc-001/datasets/products",
            "is_case_insensitive": false,
            "labels": {},
            "last_modified_time": 1709180499536,
            "location": "us-central1",
            "max_time_travel_hours": "",
            "project": "kalschi-pdc-001",
            "self_link": "https://bigquery.googleapis.com/bigquery/v2/projects/kalschi-pdc-001/datasets/products",
            "storage_billing_model": "",
            "terraform_labels": {},
            "timeouts": null
          },
          "sensitive_attributes": [],
          "private": "eyJlMmJmYjczMC1lY2FhLTExZTYtOGY4OC0zNDM2M2JjN2M0YzAiOnsiY3JlYXRlIjoxMjAwMDAwMDAwMDAwLCJkZWxldGUiOjEyMDAwMDAwMDAwMDAsInVwZGF0ZSI6MTIwMDAwMDAwMDAwMH19",
          "dependencies": [
            "google_project_service.google-cloud-apis"
          ]
        }
      ]
    },
    {
      "module": "module.product-info",
      "mode": "managed",
      "type": "google_bigquery_table",
      "name": "main",
      "provider": "provider[\"registry.terraform.io/hashicorp/google\"]",
      "instances": [
        {
          "index_key": "product_info",
          "schema_version": 0,
          "attributes": {
            "clustering": [],
            "creation_time": 1709180499955,
            "dataset_id": "products",
            "deletion_protection": false,
            "description": "",
            "effective_labels": {},
            "encryption_configuration": [],
            "etag": "n5jL6sI3R1KkTFms1FBLkQ==",
            "expiration_time": 0,
            "external_data_configuration": [],
            "friendly_name": "product_info",
            "id": "projects/kalschi-pdc-001/datasets/products/tables/product_info",
            "labels": {},
            "last_modified_time": 1709180500074,
            "location": "us-central1",
            "materialized_view": [],
            "max_staleness": "",
            "num_bytes": 0,
            "num_long_term_bytes": 0,
            "num_rows": 0,
            "project": "kalschi-pdc-001",
            "range_partitioning": [],
            "require_partition_filter": false,
            "schema": "[{\"fields\":[{\"mode\":\"NULLABLE\",\"name\":\"value\",\"type\":\"STRING\"},{\"mode\":\"NULLABLE\",\"name\":\"name\",\"type\":\"STRING\"}],\"mode\":\"REPEATED\",\"name\":\"business_keys\",\"type\":\"RECORD\"},{\"mode\":\"REPEATED\",\"name\":\"image_embedding\",\"type\":\"FLOAT\"},{\"mode\":\"REPEATED\",\"name\":\"text_embedding\",\"type\":\"FLOAT\"},{\"fields\":[{\"fields\":[{\"fields\":[{\"fields\":[{\"mode\":\"REPEATED\",\"name\":\"children\",\"type\":\"STRING\"},{\"mode\":\"NULLABLE\",\"name\":\"name\",\"type\":\"STRING\"},{\"mode\":\"NULLABLE\",\"name\":\"id\",\"type\":\"STRING\"}],\"mode\":\"REPEATED\",\"name\":\"children\",\"type\":\"RECORD\"},{\"mode\":\"NULLABLE\",\"name\":\"name\",\"type\":\"STRING\"},{\"mode\":\"NULLABLE\",\"name\":\"id\",\"type\":\"STRING\"}],\"mode\":\"REPEATED\",\"name\":\"children\",\"type\":\"RECORD\"},{\"mode\":\"NULLABLE\",\"name\":\"name\",\"type\":\"STRING\"},{\"mode\":\"NULLABLE\",\"name\":\"id\",\"type\":\"STRING\"}],\"mode\":\"REPEATED\",\"name\":\"children\",\"type\":\"RECORD\"},{\"mode\":\"NULLABLE\",\"name\":\"name\",\"type\":\"STRING\"},{\"mode\":\"NULLABLE\",\"name\":\"id\",\"type\":\"STRING\"}],\"mode\":\"REPEATED\",\"name\":\"categories\",\"type\":\"RECORD\"},{\"fields\":[{\"fields\":[{\"mode\":\"NULLABLE\",\"name\":\"trim_insignificant_digits\",\"type\":\"BOOLEAN\"},{\"mode\":\"NULLABLE\",\"name\":\"relevant_decimal\",\"type\":\"INTEGER\"}],\"mode\":\"NULLABLE\",\"name\":\"rounding_rule\",\"type\":\"RECORD\"},{\"fields\":[{\"mode\":\"NULLABLE\",\"name\":\"decimal\",\"type\":\"INTEGER\"},{\"mode\":\"NULLABLE\",\"name\":\"whole\",\"type\":\"INTEGER\"}],\"mode\":\"NULLABLE\",\"name\":\"value\",\"type\":\"RECORD\"},{\"mode\":\"NULLABLE\",\"name\":\"code\",\"type\":\"STRING\"}],\"mode\":\"NULLABLE\",\"name\":\"base_price\",\"type\":\"RECORD\"},{\"fields\":[{\"fields\":[{\"mode\":\"NULLABLE\",\"name\":\"string_value\",\"type\":\"STRING\"},{\"fields\":[{\"mode\":\"NULLABLE\",\"name\":\"required\",\"type\":\"BOOLEAN\"},{\"mode\":\"NULLABLE\",\"name\":\"field_type\",\"type\":\"STRING\"},{\"mode\":\"NULLABLE\",\"name\":\"allow_overrides\",\"type\":\"BOOLEAN\"},{\"mode\":\"NULLABLE\",\"name\":\"name\",\"type\":\"STRING\"}],\"mode\":\"NULLABLE\",\"name\":\"template_attribute_rule\",\"type\":\"RECORD\"}],\"mode\":\"REPEATED\",\"name\":\"attribute_values\",\"type\":\"RECORD\"},{\"fields\":[{\"mode\":\"NULLABLE\",\"name\":\"url\",\"type\":\"STRING\"},{\"mode\":\"NULLABLE\",\"name\":\"origin_url\",\"type\":\"STRING\"}],\"mode\":\"REPEATED\",\"name\":\"images\",\"type\":\"RECORD\"},{\"mode\":\"NULLABLE\",\"name\":\"nlp_description\",\"type\":\"STRING\"},{\"mode\":\"NULLABLE\",\"name\":\"locale\",\"type\":\"STRING\"},{\"mode\":\"NULLABLE\",\"name\":\"long_description\",\"type\":\"STRING\"},{\"mode\":\"NULLABLE\",\"name\":\"short_description\",\"type\":\"STRING\"},{\"mode\":\"NULLABLE\",\"name\":\"brand\",\"type\":\"STRING\"},{\"mode\":\"NULLABLE\",\"name\":\"name\",\"type\":\"STRING\"}],\"mode\":\"REPEATED\",\"name\":\"headers\",\"type\":\"RECORD\"}]",
            "self_link": "https://bigquery.googleapis.com/bigquery/v2/projects/kalschi-pdc-001/datasets/products/tables/product_info",
            "table_constraints": [],
            "table_id": "product_info",
            "table_replication_info": [],
            "terraform_labels": {},
            "time_partitioning": [],
            "type": "TABLE",
            "view": []
          },
          "sensitive_attributes": [],
          "private": "bnVsbA==",
          "dependencies": [
            "google_project_service.google-cloud-apis",
            "module.product-info.google_bigquery_dataset.main"
          ]
        }
      ]
    },
    {
      "module": "module.product_rdm_topic",
      "mode": "data",
      "type": "google_project",
      "name": "project",
      "provider": "provider[\"registry.terraform.io/hashicorp/google\"]",
      "instances": [
        {
          "schema_version": 0,
          "attributes": {
            "auto_create_network": null,
            "billing_account": "01B91D-EBC673-7848B7",
            "effective_labels": {},
            "folder_id": "",
            "id": "projects/kalschi-pdc-001",
            "labels": {},
            "name": "kalschi-pdc-001",
            "number": "979963681248",
            "org_id": "598314490516",
            "project_id": "kalschi-pdc-001",
            "skip_delete": null,
            "terraform_labels": {}
          },
          "sensitive_attributes": []
        }
      ]
    },
    {
      "module": "module.product_rdm_topic",
      "mode": "managed",
      "type": "google_project_iam_member",
      "name": "token_creator_binding",
      "provider": "provider[\"registry.terraform.io/hashicorp/google\"]",
      "instances": [
        {
          "index_key": 0,
          "schema_version": 0,
          "attributes": {
            "condition": [],
            "etag": "BwYSf2zo2Zc=",
            "id": "kalschi-pdc-001/roles/iam.serviceAccountTokenCreator/serviceAccount:service-979963681248@gcp-sa-pubsub.iam.gserviceaccount.com",
            "member": "serviceAccount:service-979963681248@gcp-sa-pubsub.iam.gserviceaccount.com",
            "project": "kalschi-pdc-001",
            "role": "roles/iam.serviceAccountTokenCreator"
          },
          "sensitive_attributes": [],
          "private": "bnVsbA==",
          "dependencies": [
            "google_project_service.google-cloud-apis",
            "module.product_rdm_topic.data.google_project.project",
            "module.product_rdm_topic.google_pubsub_schema.schema",
            "module.product_rdm_topic.google_pubsub_subscription.push_subscriptions",
            "module.product_rdm_topic.google_pubsub_topic.topic"
          ]
        }
      ]
    },
    {
      "module": "module.product_rdm_topic",
      "mode": "managed",
      "type": "google_pubsub_subscription",
      "name": "pull_subscriptions",
      "provider": "provider[\"registry.terraform.io/hashicorp/google\"]",
      "instances": [
        {
          "index_key": "product_info_rdm-sub",
          "schema_version": 0,
          "attributes": {
            "ack_deadline_seconds": 10,
            "bigquery_config": [],
            "cloud_storage_config": [],
            "dead_letter_policy": [],
            "effective_labels": {},
            "enable_exactly_once_delivery": false,
            "enable_message_ordering": false,
            "expiration_policy": [
              {
                "ttl": "2678400s"
              }
            ],
            "filter": "",
            "id": "projects/kalschi-pdc-001/subscriptions/product_info_rdm-sub",
            "labels": {},
            "message_retention_duration": "604800s",
            "name": "product_info_rdm-sub",
            "project": "kalschi-pdc-001",
            "push_config": [],
            "retain_acked_messages": false,
            "retry_policy": [],
            "terraform_labels": {},
            "timeouts": null,
            "topic": "projects/kalschi-pdc-001/topics/product_info_rdm"
          },
          "sensitive_attributes": [],
          "private": "eyJlMmJmYjczMC1lY2FhLTExZTYtOGY4OC0zNDM2M2JjN2M0YzAiOnsiY3JlYXRlIjoxMjAwMDAwMDAwMDAwLCJkZWxldGUiOjEyMDAwMDAwMDAwMDAsInVwZGF0ZSI6MTIwMDAwMDAwMDAwMH19",
          "dependencies": [
            "google_project_service.google-cloud-apis",
            "module.product_rdm_topic.google_pubsub_schema.schema",
            "module.product_rdm_topic.google_pubsub_topic.topic"
          ]
        }
      ]
    },
    {
      "module": "module.product_rdm_topic",
      "mode": "managed",
      "type": "google_pubsub_topic",
      "name": "topic",
      "provider": "provider[\"registry.terraform.io/hashicorp/google\"]",
      "instances": [
        {
          "index_key": 0,
          "schema_version": 0,
          "attributes": {
            "effective_labels": {},
            "id": "projects/kalschi-pdc-001/topics/product_info_rdm",
            "kms_key_name": "",
            "labels": {},
            "message_retention_duration": "",
            "message_storage_policy": [
              {
                "allowed_persistence_regions": [
                  "us-central1"
                ]
              }
            ],
            "name": "product_info_rdm",
            "project": "kalschi-pdc-001",
            "schema_settings": [],
            "terraform_labels": {},
            "timeouts": null
          },
          "sensitive_attributes": [],
          "private": "eyJlMmJmYjczMC1lY2FhLTExZTYtOGY4OC0zNDM2M2JjN2M0YzAiOnsiY3JlYXRlIjoxMjAwMDAwMDAwMDAwLCJkZWxldGUiOjEyMDAwMDAwMDAwMDAsInVwZGF0ZSI6MTIwMDAwMDAwMDAwMH19",
          "dependencies": [
            "google_project_service.google-cloud-apis",
            "module.product_rdm_topic.google_pubsub_schema.schema"
          ]
        }
      ]
    }
  ],
  "check_results": null
}
